
Microsoft Visual Studio Solution File, Format Version 12.00
# Visual Studio Version 17
VisualStudioVersion = 17.5.33627.172
MinimumVisualStudioVersion = 10.0.40219.1
Project("{2150E333-8FDC-42A3-9474-1A3956D46DE8}") = ".src", ".src", "{CA81AFAF-A739-45C0-B8D8-E5E685CE568A}"
EndProject
Project("{2150E333-8FDC-42A3-9474-1A3956D46DE8}") = "Shared", "Shared", "{CD191B54-E496-4F1A-95B0-B24381072CE6}"
EndProject
Project("{9A19103F-16F7-4668-BE54-9A1E7A4F7556}") = "Shared.Backend.Core", ".src\Shared\Shared.Core\Shared.Backend.Core.csproj", "{F2B49C7E-A303-4B28-984A-A1A40CD274BC}"
EndProject
Project("{2150E333-8FDC-42A3-9474-1A3956D46DE8}") = "ApiGateway", "ApiGateway", "{CABF34E9-E651-4529-82E6-F0E996EE67EE}"
EndProject
Project("{9A19103F-16F7-4668-BE54-9A1E7A4F7556}") = "_Gateway", ".src\ApiGateway\_Gateway\_Gateway.csproj", "{FE886FBD-EACA-439F-A7DA-5C6FD4906915}"
EndProject
Project("{2150E333-8FDC-42A3-9474-1A3956D46DE8}") = "_IdentityServer", "_IdentityServer", "{B2E05C8D-4696-41FA-875B-FCF630296615}"
EndProject
Project("{9A19103F-16F7-4668-BE54-9A1E7A4F7556}") = "_IdentityServer.Dal", ".src\ApiGateway\_IdentityServer\_IdentityServer.Dal\_IdentityServer.Dal.csproj", "{F40E070A-3F46-4A74-A665-C6397699C878}"
EndProject
Project("{9A19103F-16F7-4668-BE54-9A1E7A4F7556}") = "_IdentityServer.Business", ".src\ApiGateway\_IdentityServer\_IdentityServer.Business\_IdentityServer.Business.csproj", "{14427B0C-B4CA-404B-8A12-6D43B6489A64}"
EndProject
Project("{9A19103F-16F7-4668-BE54-9A1E7A4F7556}") = "_IdentityServer.Api", ".src\ApiGateway\_IdentityServer\_IdentityServer.Api\_IdentityServer.Api.csproj", "{83F5D599-C92B-4FF9-ABE6-8F9F88AB22D9}"
EndProject
Project("{9A19103F-16F7-4668-BE54-9A1E7A4F7556}") = "_IdentityServer.Entities", ".src\ApiGateway\_IdentityServer\_IdentityServer.Entities\_IdentityServer.Entities.csproj", "{51B5EA69-5047-46CA-9E13-BB2289ACEE9E}"
EndProject
Project("{2150E333-8FDC-42A3-9474-1A3956D46DE8}") = "Product.Raptor", "Product.Raptor", "{FAFACE05-8B7B-4C46-913C-45799A833B14}"
EndProject
Project("{2150E333-8FDC-42A3-9474-1A3956D46DE8}") = "Raptor.Front", "Raptor.Front", "{0EB88762-B9E5-49EE-A96B-4EA1A53C88A3}"
EndProject
Project("{2150E333-8FDC-42A3-9474-1A3956D46DE8}") = "Raptor.Backend", "Raptor.Backend", "{B43D9490-CB66-4F6E-A4ED-31F0AC27DB24}"
EndProject
Project("{2150E333-8FDC-42A3-9474-1A3956D46DE8}") = "ServiceDiscovery", "ServiceDiscovery", "{8A18DF03-4DBE-4AFD-9C89-20B75CD2435D}"
EndProject
Project("{9A19103F-16F7-4668-BE54-9A1E7A4F7556}") = "_Consul", ".src\ServiceDiscovery\_Consul\_Consul.csproj", "{EB6C437F-037F-49C5-9C77-E9BDC65D67BD}"
EndProject
Project("{9A19103F-16F7-4668-BE54-9A1E7A4F7556}") = "Raptor.Backend.Api", ".src\Product.Raptor\Raptor.Backend\Raptor.Backend.Api\Raptor.Backend.Api.csproj", "{9D72B7DB-61B7-4A12-9B46-4FCDA112292D}"
EndProject
Project("{9A19103F-16F7-4668-BE54-9A1E7A4F7556}") = "Raptor.Backend.Business", ".src\Product.Raptor\Raptor.Backend\Raptor.Backend.Business\Raptor.Backend.Business.csproj", "{355D2E73-28F9-48C9-A2B4-9BA935EFBBD7}"
EndProject
Project("{9A19103F-16F7-4668-BE54-9A1E7A4F7556}") = "Raptor.Backend.Dal", ".src\Product.Raptor\Raptor.Backend\Raptor.Backend.Dal\Raptor.Backend.Dal.csproj", "{81CF8F74-430D-408C-BB22-B7A62D6A074E}"
EndProject
Project("{2150E333-8FDC-42A3-9474-1A3956D46DE8}") = "Agent", "Agent", "{A421C720-5C5E-4E15-816E-5CAB507238D2}"
EndProject
Project("{2150E333-8FDC-42A3-9474-1A3956D46DE8}") = "Windows", "Windows", "{BB832572-0D01-417F-A7BF-B54FF71C8C15}"
EndProject
Project("{9A19103F-16F7-4668-BE54-9A1E7A4F7556}") = "Raptor.Agent.Windows", ".src\Product.Raptor\Raptor.Front\Agent\Windows\Raptor.Agent.Windows\Raptor.Agent.Windows.csproj", "{EB750560-3B9F-4E36-927A-BAF0C75BE937}"
EndProject
Project("{9A19103F-16F7-4668-BE54-9A1E7A4F7556}") = "Raptor.Agent.Windows.Two", ".src\Product.Raptor\Raptor.Front\Agent\Windows\Raptor.Agent.Windows.Two\Raptor.Agent.Windows.Two.csproj", "{181EDB15-3403-45F4-ACC3-E294FC01D688}"
EndProject
Project("{2150E333-8FDC-42A3-9474-1A3956D46DE8}") = "Raptor.Shared", "Raptor.Shared", "{B9EBA6C5-696C-496A-BED6-885D2E73DDF1}"
EndProject
Project("{9A19103F-16F7-4668-BE54-9A1E7A4F7556}") = "Raptor.Shared.Entities", ".src\Product.Raptor\Raptor.Shared\Raptor.Shared.Entities\Raptor.Shared.Entities.csproj", "{87421166-B751-4EC9-9EC9-F9E7ADCAAF0A}"
EndProject
Project("{9A19103F-16F7-4668-BE54-9A1E7A4F7556}") = "Raptor.Shared.Helper", ".src\Product.Raptor\Raptor.Shared\Raptor.Shared.Helper\Raptor.Shared.Helper.csproj", "{4E20750D-AA15-4FC5-831F-064223B64E88}"
EndProject
Project("{2150E333-8FDC-42A3-9474-1A3956D46DE8}") = "Product.Tecna", "Product.Tecna", "{E11E606E-5262-48C2-90C9-B2EF85FF44F7}"
EndProject
Project("{2150E333-8FDC-42A3-9474-1A3956D46DE8}") = "Tecna.BackEnd", "Tecna.BackEnd", "{C0391272-1E3F-4767-9155-4B8C45029005}"
EndProject
Project("{FAE04EC0-301F-11D3-BF4B-00C04F79EFBC}") = "Tecna.BackEnd.Business", ".src\Product.Tecna\Tecna.BackEnd\Tecna.BackEnd.Business\Tecna.BackEnd.Business.csproj", "{ECE97908-E765-41BA-90B0-EB3EB62A5CCE}"
EndProject
Project("{FAE04EC0-301F-11D3-BF4B-00C04F79EFBC}") = "Tecna.BackEnd.Dal", ".src\Product.Tecna\Tecna.BackEnd\Tecna.BackEnd.Dal\Tecna.BackEnd.Dal.csproj", "{A41FB095-559F-41C7-BF8E-AAEC6995990A}"
EndProject
Project("{FAE04EC0-301F-11D3-BF4B-00C04F79EFBC}") = "Tecna.BackEnd.Api", ".src\Product.Tecna\Tecna.BackEnd\Tecna.BackEnd.Api\Tecna.BackEnd.Api.csproj", "{67EDB276-B88F-460A-8B87-9A8211334CA0}"
EndProject
Project("{2150E333-8FDC-42A3-9474-1A3956D46DE8}") = "Tecna.Front", "Tecna.Front", "{3738EB24-2E3B-40F0-917A-FF5FE583ABA4}"
EndProject
Project("{2150E333-8FDC-42A3-9474-1A3956D46DE8}") = "Tecna.Shared", "Tecna.Shared", "{CC0D806D-4EDE-4BEB-A71E-59EB2D1DE917}"
EndProject
Project("{FAE04EC0-301F-11D3-BF4B-00C04F79EFBC}") = "Tecna.Front.Site", ".src\Product.Tecna\Tecna.Front\Tecna.Front.Site\Tecna.Front.Site.csproj", "{39A17C49-447D-4C0D-ADF3-4C400A7559C4}"
EndProject
Project("{FAE04EC0-301F-11D3-BF4B-00C04F79EFBC}") = "Tecna.Shared.Entities", ".src\Product.Tecna\Tecna.Shared\Tecna.Shared.Entities\Tecna.Shared.Entities.csproj", "{870F774F-3549-45F9-A3FD-A3849C98068A}"
EndProject
Project("{FAE04EC0-301F-11D3-BF4B-00C04F79EFBC}") = "Tecna.Shared.Helper", ".src\Product.Tecna\Tecna.Shared\Tecna.Shared.Helper\Tecna.Shared.Helper.csproj", "{48EEDB15-55CC-4600-A02F-F882CD839135}"
EndProject
Global
	GlobalSection(SolutionConfigurationPlatforms) = preSolution
		Debug|Any CPU = Debug|Any CPU
		Release|Any CPU = Release|Any CPU
	EndGlobalSection
	GlobalSection(ProjectConfigurationPlatforms) = postSolution
		{F2B49C7E-A303-4B28-984A-A1A40CD274BC}.Debug|Any CPU.ActiveCfg = Debug|Any CPU
		{F2B49C7E-A303-4B28-984A-A1A40CD274BC}.Debug|Any CPU.Build.0 = Debug|Any CPU
		{F2B49C7E-A303-4B28-984A-A1A40CD274BC}.Release|Any CPU.ActiveCfg = Release|Any CPU
		{F2B49C7E-A303-4B28-984A-A1A40CD274BC}.Release|Any CPU.Build.0 = Release|Any CPU
		{FE886FBD-EACA-439F-A7DA-5C6FD4906915}.Debug|Any CPU.ActiveCfg = Debug|Any CPU
		{FE886FBD-EACA-439F-A7DA-5C6FD4906915}.Debug|Any CPU.Build.0 = Debug|Any CPU
		{FE886FBD-EACA-439F-A7DA-5C6FD4906915}.Release|Any CPU.ActiveCfg = Release|Any CPU
		{FE886FBD-EACA-439F-A7DA-5C6FD4906915}.Release|Any CPU.Build.0 = Release|Any CPU
		{F40E070A-3F46-4A74-A665-C6397699C878}.Debug|Any CPU.ActiveCfg = Debug|Any CPU
		{F40E070A-3F46-4A74-A665-C6397699C878}.Debug|Any CPU.Build.0 = Debug|Any CPU
		{F40E070A-3F46-4A74-A665-C6397699C878}.Release|Any CPU.ActiveCfg = Release|Any CPU
		{F40E070A-3F46-4A74-A665-C6397699C878}.Release|Any CPU.Build.0 = Release|Any CPU
		{14427B0C-B4CA-404B-8A12-6D43B6489A64}.Debug|Any CPU.ActiveCfg = Debug|Any CPU
		{14427B0C-B4CA-404B-8A12-6D43B6489A64}.Debug|Any CPU.Build.0 = Debug|Any CPU
		{14427B0C-B4CA-404B-8A12-6D43B6489A64}.Release|Any CPU.ActiveCfg = Release|Any CPU
		{14427B0C-B4CA-404B-8A12-6D43B6489A64}.Release|Any CPU.Build.0 = Release|Any CPU
		{83F5D599-C92B-4FF9-ABE6-8F9F88AB22D9}.Debug|Any CPU.ActiveCfg = Debug|Any CPU
		{83F5D599-C92B-4FF9-ABE6-8F9F88AB22D9}.Debug|Any CPU.Build.0 = Debug|Any CPU
		{83F5D599-C92B-4FF9-ABE6-8F9F88AB22D9}.Release|Any CPU.ActiveCfg = Release|Any CPU
		{83F5D599-C92B-4FF9-ABE6-8F9F88AB22D9}.Release|Any CPU.Build.0 = Release|Any CPU
		{51B5EA69-5047-46CA-9E13-BB2289ACEE9E}.Debug|Any CPU.ActiveCfg = Debug|Any CPU
		{51B5EA69-5047-46CA-9E13-BB2289ACEE9E}.Debug|Any CPU.Build.0 = Debug|Any CPU
		{51B5EA69-5047-46CA-9E13-BB2289ACEE9E}.Release|Any CPU.ActiveCfg = Release|Any CPU
		{51B5EA69-5047-46CA-9E13-BB2289ACEE9E}.Release|Any CPU.Build.0 = Release|Any CPU
		{EB6C437F-037F-49C5-9C77-E9BDC65D67BD}.Debug|Any CPU.ActiveCfg = Debug|Any CPU
		{EB6C437F-037F-49C5-9C77-E9BDC65D67BD}.Debug|Any CPU.Build.0 = Debug|Any CPU
		{EB6C437F-037F-49C5-9C77-E9BDC65D67BD}.Release|Any CPU.ActiveCfg = Release|Any CPU
		{EB6C437F-037F-49C5-9C77-E9BDC65D67BD}.Release|Any CPU.Build.0 = Release|Any CPU
		{9D72B7DB-61B7-4A12-9B46-4FCDA112292D}.Debug|Any CPU.ActiveCfg = Debug|Any CPU
		{9D72B7DB-61B7-4A12-9B46-4FCDA112292D}.Debug|Any CPU.Build.0 = Debug|Any CPU
		{9D72B7DB-61B7-4A12-9B46-4FCDA112292D}.Release|Any CPU.ActiveCfg = Release|Any CPU
		{9D72B7DB-61B7-4A12-9B46-4FCDA112292D}.Release|Any CPU.Build.0 = Release|Any CPU
		{355D2E73-28F9-48C9-A2B4-9BA935EFBBD7}.Debug|Any CPU.ActiveCfg = Debug|Any CPU
		{355D2E73-28F9-48C9-A2B4-9BA935EFBBD7}.Debug|Any CPU.Build.0 = Debug|Any CPU
		{355D2E73-28F9-48C9-A2B4-9BA935EFBBD7}.Release|Any CPU.ActiveCfg = Release|Any CPU
		{355D2E73-28F9-48C9-A2B4-9BA935EFBBD7}.Release|Any CPU.Build.0 = Release|Any CPU
		{81CF8F74-430D-408C-BB22-B7A62D6A074E}.Debug|Any CPU.ActiveCfg = Debug|Any CPU
		{81CF8F74-430D-408C-BB22-B7A62D6A074E}.Debug|Any CPU.Build.0 = Debug|Any CPU
		{81CF8F74-430D-408C-BB22-B7A62D6A074E}.Release|Any CPU.ActiveCfg = Release|Any CPU
		{81CF8F74-430D-408C-BB22-B7A62D6A074E}.Release|Any CPU.Build.0 = Release|Any CPU
		{EB750560-3B9F-4E36-927A-BAF0C75BE937}.Debug|Any CPU.ActiveCfg = Debug|Any CPU
		{EB750560-3B9F-4E36-927A-BAF0C75BE937}.Debug|Any CPU.Build.0 = Debug|Any CPU
		{EB750560-3B9F-4E36-927A-BAF0C75BE937}.Release|Any CPU.ActiveCfg = Release|Any CPU
		{EB750560-3B9F-4E36-927A-BAF0C75BE937}.Release|Any CPU.Build.0 = Release|Any CPU
		{181EDB15-3403-45F4-ACC3-E294FC01D688}.Debug|Any CPU.ActiveCfg = Debug|Any CPU
		{181EDB15-3403-45F4-ACC3-E294FC01D688}.Debug|Any CPU.Build.0 = Debug|Any CPU
		{181EDB15-3403-45F4-ACC3-E294FC01D688}.Release|Any CPU.ActiveCfg = Release|Any CPU
		{181EDB15-3403-45F4-ACC3-E294FC01D688}.Release|Any CPU.Build.0 = Release|Any CPU
		{87421166-B751-4EC9-9EC9-F9E7ADCAAF0A}.Debug|Any CPU.ActiveCfg = Debug|Any CPU
		{87421166-B751-4EC9-9EC9-F9E7ADCAAF0A}.Debug|Any CPU.Build.0 = Debug|Any CPU
		{87421166-B751-4EC9-9EC9-F9E7ADCAAF0A}.Release|Any CPU.ActiveCfg = Release|Any CPU
		{87421166-B751-4EC9-9EC9-F9E7ADCAAF0A}.Release|Any CPU.Build.0 = Release|Any CPU
		{4E20750D-AA15-4FC5-831F-064223B64E88}.Debug|Any CPU.ActiveCfg = Debug|Any CPU
		{4E20750D-AA15-4FC5-831F-064223B64E88}.Debug|Any CPU.Build.0 = Debug|Any CPU
		{4E20750D-AA15-4FC5-831F-064223B64E88}.Release|Any CPU.ActiveCfg = Release|Any CPU
		{4E20750D-AA15-4FC5-831F-064223B64E88}.Release|Any CPU.Build.0 = Release|Any CPU
		{ECE97908-E765-41BA-90B0-EB3EB62A5CCE}.Debug|Any CPU.ActiveCfg = Debug|Any CPU
		{ECE97908-E765-41BA-90B0-EB3EB62A5CCE}.Debug|Any CPU.Build.0 = Debug|Any CPU
		{ECE97908-E765-41BA-90B0-EB3EB62A5CCE}.Release|Any CPU.ActiveCfg = Release|Any CPU
		{ECE97908-E765-41BA-90B0-EB3EB62A5CCE}.Release|Any CPU.Build.0 = Release|Any CPU
		{A41FB095-559F-41C7-BF8E-AAEC6995990A}.Debug|Any CPU.ActiveCfg = Debug|Any CPU
		{A41FB095-559F-41C7-BF8E-AAEC6995990A}.Debug|Any CPU.Build.0 = Debug|Any CPU
		{A41FB095-559F-41C7-BF8E-AAEC6995990A}.Release|Any CPU.ActiveCfg = Release|Any CPU
		{A41FB095-559F-41C7-BF8E-AAEC6995990A}.Release|Any CPU.Build.0 = Release|Any CPU
		{67EDB276-B88F-460A-8B87-9A8211334CA0}.Debug|Any CPU.ActiveCfg = Debug|Any CPU
		{67EDB276-B88F-460A-8B87-9A8211334CA0}.Debug|Any CPU.Build.0 = Debug|Any CPU
		{67EDB276-B88F-460A-8B87-9A8211334CA0}.Release|Any CPU.ActiveCfg = Release|Any CPU
		{67EDB276-B88F-460A-8B87-9A8211334CA0}.Release|Any CPU.Build.0 = Release|Any CPU
		{39A17C49-447D-4C0D-ADF3-4C400A7559C4}.Debug|Any CPU.ActiveCfg = Debug|Any CPU
		{39A17C49-447D-4C0D-ADF3-4C400A7559C4}.Debug|Any CPU.Build.0 = Debug|Any CPU
		{39A17C49-447D-4C0D-ADF3-4C400A7559C4}.Release|Any CPU.ActiveCfg = Release|Any CPU
		{39A17C49-447D-4C0D-ADF3-4C400A7559C4}.Release|Any CPU.Build.0 = Release|Any CPU
		{870F774F-3549-45F9-A3FD-A3849C98068A}.Debug|Any CPU.ActiveCfg = Debug|Any CPU
		{870F774F-3549-45F9-A3FD-A3849C98068A}.Debug|Any CPU.Build.0 = Debug|Any CPU
		{870F774F-3549-45F9-A3FD-A3849C98068A}.Release|Any CPU.ActiveCfg = Release|Any CPU
		{870F774F-3549-45F9-A3FD-A3849C98068A}.Release|Any CPU.Build.0 = Release|Any CPU
		{48EEDB15-55CC-4600-A02F-F882CD839135}.Debug|Any CPU.ActiveCfg = Debug|Any CPU
		{48EEDB15-55CC-4600-A02F-F882CD839135}.Debug|Any CPU.Build.0 = Debug|Any CPU
		{48EEDB15-55CC-4600-A02F-F882CD839135}.Release|Any CPU.ActiveCfg = Release|Any CPU
		{48EEDB15-55CC-4600-A02F-F882CD839135}.Release|Any CPU.Build.0 = Release|Any CPU
	EndGlobalSection
	GlobalSection(SolutionProperties) = preSolution
		HideSolutionNode = FALSE
	EndGlobalSection
	GlobalSection(NestedProjects) = preSolution
		{CD191B54-E496-4F1A-95B0-B24381072CE6} = {CA81AFAF-A739-45C0-B8D8-E5E685CE568A}
		{F2B49C7E-A303-4B28-984A-A1A40CD274BC} = {CD191B54-E496-4F1A-95B0-B24381072CE6}
		{CABF34E9-E651-4529-82E6-F0E996EE67EE} = {CA81AFAF-A739-45C0-B8D8-E5E685CE568A}
		{FE886FBD-EACA-439F-A7DA-5C6FD4906915} = {CABF34E9-E651-4529-82E6-F0E996EE67EE}
		{B2E05C8D-4696-41FA-875B-FCF630296615} = {CABF34E9-E651-4529-82E6-F0E996EE67EE}
		{F40E070A-3F46-4A74-A665-C6397699C878} = {B2E05C8D-4696-41FA-875B-FCF630296615}
		{14427B0C-B4CA-404B-8A12-6D43B6489A64} = {B2E05C8D-4696-41FA-875B-FCF630296615}
		{83F5D599-C92B-4FF9-ABE6-8F9F88AB22D9} = {B2E05C8D-4696-41FA-875B-FCF630296615}
		{51B5EA69-5047-46CA-9E13-BB2289ACEE9E} = {B2E05C8D-4696-41FA-875B-FCF630296615}
		{FAFACE05-8B7B-4C46-913C-45799A833B14} = {CA81AFAF-A739-45C0-B8D8-E5E685CE568A}
		{0EB88762-B9E5-49EE-A96B-4EA1A53C88A3} = {FAFACE05-8B7B-4C46-913C-45799A833B14}
		{B43D9490-CB66-4F6E-A4ED-31F0AC27DB24} = {FAFACE05-8B7B-4C46-913C-45799A833B14}
		{8A18DF03-4DBE-4AFD-9C89-20B75CD2435D} = {CA81AFAF-A739-45C0-B8D8-E5E685CE568A}
		{EB6C437F-037F-49C5-9C77-E9BDC65D67BD} = {8A18DF03-4DBE-4AFD-9C89-20B75CD2435D}
		{9D72B7DB-61B7-4A12-9B46-4FCDA112292D} = {B43D9490-CB66-4F6E-A4ED-31F0AC27DB24}
		{355D2E73-28F9-48C9-A2B4-9BA935EFBBD7} = {B43D9490-CB66-4F6E-A4ED-31F0AC27DB24}
		{81CF8F74-430D-408C-BB22-B7A62D6A074E} = {B43D9490-CB66-4F6E-A4ED-31F0AC27DB24}
		{A421C720-5C5E-4E15-816E-5CAB507238D2} = {0EB88762-B9E5-49EE-A96B-4EA1A53C88A3}
		{BB832572-0D01-417F-A7BF-B54FF71C8C15} = {A421C720-5C5E-4E15-816E-5CAB507238D2}
		{EB750560-3B9F-4E36-927A-BAF0C75BE937} = {BB832572-0D01-417F-A7BF-B54FF71C8C15}
		{181EDB15-3403-45F4-ACC3-E294FC01D688} = {BB832572-0D01-417F-A7BF-B54FF71C8C15}
		{B9EBA6C5-696C-496A-BED6-885D2E73DDF1} = {FAFACE05-8B7B-4C46-913C-45799A833B14}
		{87421166-B751-4EC9-9EC9-F9E7ADCAAF0A} = {B9EBA6C5-696C-496A-BED6-885D2E73DDF1}
		{4E20750D-AA15-4FC5-831F-064223B64E88} = {B9EBA6C5-696C-496A-BED6-885D2E73DDF1}
		{E11E606E-5262-48C2-90C9-B2EF85FF44F7} = {CA81AFAF-A739-45C0-B8D8-E5E685CE568A}
		{C0391272-1E3F-4767-9155-4B8C45029005} = {E11E606E-5262-48C2-90C9-B2EF85FF44F7}
		{ECE97908-E765-41BA-90B0-EB3EB62A5CCE} = {C0391272-1E3F-4767-9155-4B8C45029005}
		{A41FB095-559F-41C7-BF8E-AAEC6995990A} = {C0391272-1E3F-4767-9155-4B8C45029005}
		{67EDB276-B88F-460A-8B87-9A8211334CA0} = {C0391272-1E3F-4767-9155-4B8C45029005}
		{3738EB24-2E3B-40F0-917A-FF5FE583ABA4} = {E11E606E-5262-48C2-90C9-B2EF85FF44F7}
		{CC0D806D-4EDE-4BEB-A71E-59EB2D1DE917} = {E11E606E-5262-48C2-90C9-B2EF85FF44F7}
		{39A17C49-447D-4C0D-ADF3-4C400A7559C4} = {3738EB24-2E3B-40F0-917A-FF5FE583ABA4}
		{870F774F-3549-45F9-A3FD-A3849C98068A} = {CC0D806D-4EDE-4BEB-A71E-59EB2D1DE917}
		{48EEDB15-55CC-4600-A02F-F882CD839135} = {CC0D806D-4EDE-4BEB-A71E-59EB2D1DE917}
	EndGlobalSection
	GlobalSection(ExtensibilityGlobals) = postSolution
		SolutionGuid = {D4CF098A-D073-40F4-A293-3308FC7547F0}
	EndGlobalSection
EndGlobal
